// !$*UTF8*$!
{
	archiveVersion = 1;
	classes = {
	};
	objectVersion = 50;
	objects = {

/* Begin PBXBuildFile section */
		D60C5CEC259C5DE800EE0360 /* SlideMenuSwiftUITutorialApp.swift in Sources */ = {isa = PBXBuildFile; fileRef = D60C5CEB259C5DE800EE0360 /* SlideMenuSwiftUITutorialApp.swift */; };
		D60C5CEE259C5DE800EE0360 /* ContentView.swift in Sources */ = {isa = PBXBuildFile; fileRef = D60C5CED259C5DE800EE0360 /* ContentView.swift */; };
		D60C5CF0259C5DE800EE0360 /* Assets.xcassets in Resources */ = {isa = PBXBuildFile; fileRef = D60C5CEF259C5DE800EE0360 /* Assets.xcassets */; };
		D60C5CF3259C5DE800EE0360 /* Preview Assets.xcassets in Resources */ = {isa = PBXBuildFile; fileRef = D60C5CF2259C5DE800EE0360 /* Preview Assets.xcassets */; };
		D6C46749259F1307008925E4 /* SlideMenuView.swift in Sources */ = {isa = PBXBuildFile; fileRef = D6C46748259F1307008925E4 /* SlideMenuView.swift */; };
		D6C4674C259F1336008925E4 /* SlideMenuHeaderView.swift in Sources */ = {isa = PBXBuildFile; fileRef = D6C4674B259F1336008925E4 /* SlideMenuHeaderView.swift */; };
		D6C4674F259F1363008925E4 /* SlideMenuOptionView.swift in Sources */ = {isa = PBXBuildFile; fileRef = D6C4674E259F1363008925E4 /* SlideMenuOptionView.swift */; };
		D6C46752259F1380008925E4 /* SlideMenuViewModel.swift in Sources */ = {isa = PBXBuildFile; fileRef = D6C46751259F1380008925E4 /* SlideMenuViewModel.swift */; };
/* End PBXBuildFile section */

/* Begin PBXFileReference section */
		D60C5CE8259C5DE800EE0360 /* SlideMenuSwiftUITutorial.app */ = {isa = PBXFileReference; explicitFileType = wrapper.application; includeInIndex = 0; path = SlideMenuSwiftUITutorial.app; sourceTree = BUILT_PRODUCTS_DIR; };
		D60C5CEB259C5DE800EE0360 /* SlideMenuSwiftUITutorialApp.swift */ = {isa = PBXFileReference; lastKnownFileType = sourcecode.swift; path = SlideMenuSwiftUITutorialApp.swift; sourceTree = "<group>"; };
		D60C5CED259C5DE800EE0360 /* ContentView.swift */ = {isa = PBXFileReference; lastKnownFileType = sourcecode.swift; path = ContentView.swift; sourceTree = "<group>"; };
		D60C5CEF259C5DE800EE0360 /* Assets.xcassets */ = {isa = PBXFileReference; lastKnownFileType = folder.assetcatalog; path = Assets.xcassets; sourceTree = "<group>"; };
		D60C5CF2259C5DE800EE0360 /* Preview Assets.xcassets */ = {isa = PBXFileReference; lastKnownFileType = folder.assetcatalog; path = "Preview Assets.xcassets"; sourceTree = "<group>"; };
		D60C5CF4259C5DE800EE0360 /* Info.plist */ = {isa = PBXFileReference; lastKnownFileType = text.plist.xml; path = Info.plist; sourceTree = "<group>"; };
		D6C46748259F1307008925E4 /* SlideMenuView.swift */ = {isa = PBXFileReference; lastKnownFileType = sourcecode.swift; path = SlideMenuView.swift; sourceTree = "<group>"; };
		D6C4674B259F1336008925E4 /* SlideMenuHeaderView.swift */ = {isa = PBXFileReference; lastKnownFileType = sourcecode.swift; path = SlideMenuHeaderView.swift; sourceTree = "<group>"; };
		D6C4674E259F1363008925E4 /* SlideMenuOptionView.swift */ = {isa = PBXFileReference; lastKnownFileType = sourcecode.swift; path = SlideMenuOptionView.swift; sourceTree = "<group>"; };
		D6C46751259F1380008925E4 /* SlideMenuViewModel.swift */ = {isa = PBXFileReference; lastKnownFileType = sourcecode.swift; path = SlideMenuViewModel.swift; sourceTree = "<group>"; };
/* End PBXFileReference section */

/* Begin PBXFrameworksBuildPhase section */
		D60C5CE5259C5DE800EE0360 /* Frameworks */ = {
			isa = PBXFrameworksBuildPhase;
			buildActionMask = 2147483647;
			files = (
			);
			runOnlyForDeploymentPostprocessing = 0;
		};
/* End PBXFrameworksBuildPhase section */

/* Begin PBXGroup section */
		D60C5CDF259C5DE800EE0360 = {
			isa = PBXGroup;
			children = (
				D60C5CEA259C5DE800EE0360 /* SlideMenuSwiftUITutorial */,
				D60C5CE9259C5DE800EE0360 /* Products */,
			);
			sourceTree = "<group>";
		};
		D60C5CE9259C5DE800EE0360 /* Products */ = {
			isa = PBXGroup;
			children = (
				D60C5CE8259C5DE800EE0360 /* SlideMenuSwiftUITutorial.app */,
			);
			name = Products;
			sourceTree = "<group>";
		};
		D60C5CEA259C5DE800EE0360 /* SlideMenuSwiftUITutorial */ = {
			isa = PBXGroup;
			children = (
				D60C5CEB259C5DE800EE0360 /* SlideMenuSwiftUITutorialApp.swift */,
				D60C5CED259C5DE800EE0360 /* ContentView.swift */,
				D60C5CEF259C5DE800EE0360 /* Assets.xcassets */,
				D60C5CF4259C5DE800EE0360 /* Info.plist */,
				D60C5CF1259C5DE800EE0360 /* Preview Content */,
				D6C46748259F1307008925E4 /* SlideMenuView.swift */,
				D6C4674B259F1336008925E4 /* SlideMenuHeaderView.swift */,
				D6C4674E259F1363008925E4 /* SlideMenuOptionView.swift */,
				D6C46751259F1380008925E4 /* SlideMenuViewModel.swift */,
			);
			path = SlideMenuSwiftUITutorial;
			sourceTree = "<group>";
		};
		D60C5CF1259C5DE800EE0360 /* Preview Content */ = {
			isa = PBXGroup;
			children = (
				D60C5CF2259C5DE800EE0360 /* Preview Assets.xcassets */,
			);
			path = "Preview Content";
			sourceTree = "<group>";
		};
/* End PBXGroup section */

/* Begin PBXNativeTarget section */
		D60C5CE7259C5DE800EE0360 /* SlideMenuSwiftUITutorial */ = {
			isa = PBXNativeTarget;
			buildConfigurationList = D60C5CF7259C5DE800EE0360 /* Build configuration list for PBXNativeTarget "SlideMenuSwiftUITutorial" */;
			buildPhases = (
				D60C5CE4259C5DE800EE0360 /* Sources */,
				D60C5CE5259C5DE800EE0360 /* Frameworks */,
				D60C5CE6259C5DE800EE0360 /* Resources */,
			);
			buildRules = (
			);
			dependencies = (
			);
			name = SlideMenuSwiftUITutorial;
			productName = SlideMenuSwiftUITutorial;
			productReference = D60C5CE8259C5DE800EE0360 /* SlideMenuSwiftUITutorial.app */;
			productType = "com.apple.product-type.application";
		};
/* End PBXNativeTarget section */

/* Begin PBXProject section */
		D60C5CE0259C5DE800EE0360 /* Project object */ = {
			isa = PBXProject;
			attributes = {
				LastSwiftUpdateCheck = 1230;
				LastUpgradeCheck = 1230;
				TargetAttributes = {
					D60C5CE7259C5DE800EE0360 = {
						CreatedOnToolsVersion = 12.3;
					};
				};
			};
			buildConfigurationList = D60C5CE3259C5DE800EE0360 /* Build configuration list for PBXProject "SlideMenuSwiftUITutorial" */;
			compatibilityVersion = "Xcode 9.3";
			developmentRegion = en;
			hasScannedForEncodings = 0;
			knownRegions = (
				en,
				Base,
			);
			mainGroup = D60C5CDF259C5DE800EE0360;
			productRefGroup = D60C5CE9259C5DE800EE0360 /* Products */;
			projectDirPath = "";
			projectRoot = "";
			targets = (
				D60C5CE7259C5DE800EE0360 /* SlideMenuSwiftUITutorial */,
			);
		};
/* End PBXProject section */

/* Begin PBXResourcesBuildPhase section */
		D60C5CE6259C5DE800EE0360 /* Resources */ = {
			isa = PBXResourcesBuildPhase;
			buildActionMask = 2147483647;
			files = (
				D60C5CF3259C5DE800EE0360 /* Preview Assets.xcassets in Resources */,
				D60C5CF0259C5DE800EE0360 /* Assets.xcassets in Resources */,
			);
			runOnlyForDeploymentPostprocessing = 0;
		};
/* End PBXResourcesBuildPhase section */

/* Begin PBXSourcesBuildPhase section */
		D60C5CE4259C5DE800EE0360 /* Sources */ = {
			isa = PBXSourcesBuildPhase;
			buildActionMask = 2147483647;
			files = (
				D60C5CEE259C5DE800EE0360 /* ContentView.swift in Sources */,
				D6C46752259F1380008925E4 /* SlideMenuViewModel.swift in Sources */,
				D6C4674F259F1363008925E4 /* SlideMenuOptionView.swift in Sources */,
				D60C5CEC259C5DE800EE0360 /* SlideMenuSwiftUITutorialApp.swift in Sources */,
				D6C4674C259F1336008925E4 /* SlideMenuHeaderView.swift in Sources */,
				D6C46749259F1307008925E4 /* SlideMenuView.swift in Sources */,
			);
			runOnlyForDeploymentPostprocessing = 0;
		};
/* End PBXSourcesBuildPhase section */

/* Begin XCBuildConfiguration section */
		D60C5CF5259C5DE800EE0360 /* Debug */ = {
			isa = XCBuildConfiguration;
			buildSettings = {
				ALWAYS_SEARCH_USER_PATHS = NO;
				CLANG_ANALYZER_NONNULL = YES;
				CLANG_ANALYZER_NUMBER_OBJECT_CONVERSION = YES_AGGRESSIVE;
				CLANG_CXX_LANGUAGE_STANDARD = "gnu++14";
				CLANG_CXX_LIBRARY = "libc++";
				CLANG_ENABLE_MODULES = YES;
				CLANG_ENABLE_OBJC_ARC = YES;
				CLANG_ENABLE_OBJC_WEAK = YES;
				CLANG_WARN_BLOCK_CAPTURE_AUTORELEASING = YES;
				CLANG_WARN_BOOL_CONVERSION = YES;
				CLANG_WARN_COMMA = YES;
				CLANG_WARN_CONSTANT_CONVERSION = YES;
				CLANG_WARN_DEPRECATED_OBJC_IMPLEMENTATIONS = YES;
				CLANG_WARN_DIRECT_OBJC_ISA_USAGE = YES_ERROR;
				CLANG_WARN_DOCUMENTATION_COMMENTS = YES;
				CLANG_WARN_EMPTY_BODY = YES;
				CLANG_WARN_ENUM_CONVERSION = YES;
				CLANG_WARN_INFINITE_RECURSION = YES;
				CLANG_WARN_INT_CONVERSION = YES;
				CLANG_WARN_NON_LITERAL_NULL_CONVERSION = YES;
				CLANG_WARN_OBJC_IMPLICIT_RETAIN_SELF = YES;
				CLANG_WARN_OBJC_LITERAL_CONVERSION = YES;
				CLANG_WARN_OBJC_ROOT_CLASS = YES_ERROR;
				CLANG_WARN_QUOTED_INCLUDE_IN_FRAMEWORK_HEADER = YES;
				CLANG_WARN_RANGE_LOOP_ANALYSIS = YES;
				CLANG_WARN_STRICT_PROTOTYPES = YES;
				CLANG_WARN_SUSPICIOUS_MOVE = YES;
				CLANG_WARN_UNGUARDED_AVAILABILITY = YES_AGGRESSIVE;
				CLANG_WARN_UNREACHABLE_CODE = YES;
				CLANG_WARN__DUPLICATE_METHOD_MATCH = YES;
				COPY_PHASE_STRIP = NO;
				DEBUG_INFORMATION_FORMAT = dwarf;
				ENABLE_STRICT_OBJC_MSGSEND = YES;
				ENABLE_TESTABILITY = YES;
				GCC_C_LANGUAGE_STANDARD = gnu11;
				GCC_DYNAMIC_NO_PIC = NO;
				GCC_NO_COMMON_BLOCKS = YES;
				GCC_OPTIMIZATION_LEVEL = 0;
				GCC_PREPROCESSOR_DEFINITIONS = (
					"DEBUG=1",
					"$(inherited)",
				);
				GCC_WARN_64_TO_32_BIT_CONVERSION = YES;
				GCC_WARN_ABOUT_RETURN_TYPE = YES_ERROR;
				GCC_WARN_UNDECLARED_SELECTOR = YES;
				GCC_WARN_UNINITIALIZED_AUTOS = YES_AGGRESSIVE;
				GCC_WARN_UNUSED_FUNCTION = YES;
				GCC_WARN_UNUSED_VARIABLE = YES;
				IPHONEOS_DEPLOYMENT_TARGET = 14.3;
				MTL_ENABLE_DEBUG_INFO = INCLUDE_SOURCE;
				MTL_FAST_MATH = YES;
				ONLY_ACTIVE_ARCH = YES;
				SDKROOT = iphoneos;
				SWIFT_ACTIVE_COMPILATION_CONDITIONS = DEBUG;
				SWIFT_OPTIMIZATION_LEVEL = "-Onone";
			};
			name = Debug;
		};
		D60C5CF6259C5DE800EE0360 /* Release */ = {
			isa = XCBuildConfiguration;
			buildSettings = {
				ALWAYS_SEARCH_USER_PATHS = NO;
				CLANG_ANALYZER_NONNULL = YES;
				CLANG_ANALYZER_NUMBER_OBJECT_CONVERSION = YES_AGGRESSIVE;
				CLANG_CXX_LANGUAGE_STANDARD = "gnu++14";
				CLANG_CXX_LIBRARY = "libc++";
				CLANG_ENABLE_MODULES = YES;
				CLANG_ENABLE_OBJC_ARC = YES;
				CLANG_ENABLE_OBJC_WEAK = YES;
				CLANG_WARN_BLOCK_CAPTURE_AUTORELEASING = YES;
				CLANG_WARN_BOOL_CONVERSION = YES;
				CLANG_WARN_COMMA = YES;
				CLANG_WARN_CONSTANT_CONVERSION = YES;
				CLANG_WARN_DEPRECATED_OBJC_IMPLEMENTATIONS = YES;
				CLANG_WARN_DIRECT_OBJC_ISA_USAGE = YES_ERROR;
				CLANG_WARN_DOCUMENTATION_COMMENTS = YES;
				CLANG_WARN_EMPTY_BODY = YES;
				CLANG_WARN_ENUM_CONVERSION = YES;
				CLANG_WARN_INFINITE_RECURSION = YES;
				CLANG_WARN_INT_CONVERSION = YES;
				CLANG_WARN_NON_LITERAL_NULL_CONVERSION = YES;
				CLANG_WARN_OBJC_IMPLICIT_RETAIN_SELF = YES;
				CLANG_WARN_OBJC_LITERAL_CONVERSION = YES;
				CLANG_WARN_OBJC_ROOT_CLASS = YES_ERROR;
				CLANG_WARN_QUOTED_INCLUDE_IN_FRAMEWORK_HEADER = YES;
				CLANG_WARN_RANGE_LOOP_ANALYSIS = YES;
				CLANG_WARN_STRICT_PROTOTYPES = YES;
				CLANG_WARN_SUSPICIOUS_MOVE = YES;
				CLANG_WARN_UNGUARDED_AVAILABILITY = YES_AGGRESSIVE;
				CLANG_WARN_UNREACHABLE_CODE = YES;
				CLANG_WARN__DUPLICATE_METHOD_MATCH = YES;
				COPY_PHASE_STRIP = NO;
				DEBUG_INFORMATION_FORMAT = "dwarf-with-dsym";
				ENABLE_NS_ASSERTIONS = NO;
				ENABLE_STRICT_OBJC_MSGSEND = YES;
				GCC_C_LANGUAGE_STANDARD = gnu11;
				GCC_NO_COMMON_BLOCKS = YES;
				GCC_WARN_64_TO_32_BIT_CONVERSION = YES;
				GCC_WARN_ABOUT_RETURN_TYPE = YES_ERROR;
				GCC_WARN_UNDECLARED_SELECTOR = YES;
				GCC_WARN_UNINITIALIZED_AUTOS = YES_AGGRESSIVE;
				GCC_WARN_UNUSED_FUNCTION = YES;
				GCC_WARN_UNUSED_VARIABLE = YES;
				IPHONEOS_DEPLOYMENT_TARGET = 14.3;
				MTL_ENABLE_DEBUG_INFO = NO;
				MTL_FAST_MATH = YES;
				SDKROOT = iphoneos;
				SWIFT_COMPILATION_MODE = wholemodule;
				SWIFT_OPTIMIZATION_LEVEL = "-O";
				VALIDATE_PRODUCT = YES;
			};
			name = Release;
		};
		D60C5CF8259C5DE800EE0360 /* Debug */ = {
			isa = XCBuildConfiguration;
			buildSettings = {
				ASSETCATALOG_COMPILER_APPICON_NAME = AppIcon;
				ASSETCATALOG_COMPILER_GLOBAL_ACCENT_COLOR_NAME = AccentColor;
				CODE_SIGN_STYLE = Automatic;
				DEVELOPMENT_ASSET_PATHS = "\"SlideMenuSwiftUITutorial/Preview Content\"";
				DEVELOPMENT_TEAM = ND38VD9UA2;
				ENABLE_PREVIEWS = YES;
				INFOPLIST_FILE = SlideMenuSwiftUITutorial/Info.plist;
				IPHONEOS_DEPLOYMENT_TARGET = 14.0;
				LD_RUNPATH_SEARCH_PATHS = (
					"$(inherited)",
					"@executable_path/Frameworks",
				);
				PRODUCT_BUNDLE_IDENTIFIER = com.ngodangtan.SlideMenuSwiftUITutorial;
				PRODUCT_NAME = "$(TARGET_NAME)";
				SWIFT_VERSION = 5.0;
				TARGETED_DEVICE_FAMILY = "1,2";
			};
			name = Debug;
		};
		D60C5CF9259C5DE800EE0360 /* Release */ = {
			isa = XCBuildConfiguration;
			buildSettings = {
				ASSETCATALOG_COMPILER_APPICON_NAME = AppIcon;
				ASSETCATALOG_COMPILER_GLOBAL_ACCENT_COLOR_NAME = AccentColor;
				CODE_SIGN_STYLE = Automatic;
				DEVELOPMENT_ASSET_PATHS = "\"SlideMenuSwiftUITutorial/Preview Content\"";
				DEVELOPMENT_TEAM = ND38VD9UA2;
				ENABLE_PREVIEWS = YES;
				INFOPLIST_FILE = SlideMenuSwiftUITutorial/Info.plist;
				IPHONEOS_DEPLOYMENT_TARGET = 14.0;
				LD_RUNPATH_SEARCH_PATHS = (
					"$(inherited)",
					"@executable_path/Frameworks",
				);
				PRODUCT_BUNDLE_IDENTIFIER = com.ngodangtan.SlideMenuSwiftUITutorial;
				PRODUCT_NAME = "$(TARGET_NAME)";
				SWIFT_VERSION = 5.0;
				TARGETED_DEVICE_FAMILY = "1,2";
			};
			name = Release;
		};
/* End XCBuildConfiguration section */

/* Begin XCConfigurationList section */
		D60C5CE3259C5DE800EE0360 /* Build configuration list for PBXProject "SlideMenuSwiftUITutorial" */ = {
			isa = XCConfigurationList;
			buildConfigurations = (
				D60C5CF5259C5DE800EE0360 /* Debug */,
				D60C5CF6259C5DE800EE0360 /* Release */,
			);
			defaultConfigurationIsVisible = 0;
			defaultConfigurationName = Release;
		};
		D60C5CF7259C5DE800EE0360 /* Build configuration list for PBXNativeTarget "SlideMenuSwiftUITutorial" */ = {
			isa = XCConfigurationList;
			buildConfigurations = (
				D60C5CF8259C5DE800EE0360 /* Debug */,
				D60C5CF9259C5DE800EE0360 /* Release */,
			);
			defaultConfigurationIsVisible = 0;
			defaultConfigurationName = Release;
		};
/* End XCConfigurationList section */
	};
	rootObject = D60C5CE0259C5DE800EE0360 /* Project object */;
}
